
Microsoft Visual Studio Solution File, Format Version 12.00
Project("{FAE04EC0-301F-11D3-BF4B-00C04F79EFBC}") = "MediPrepareQuestionair", "MediPrepareQuestionair\MediPrepareQuestionair.csproj", "{160E059C-07DA-4BEF-B694-4DB55E038FCE}"
EndProject
Global
	GlobalSection(SolutionConfigurationPlatforms) = preSolution
		Debug|Any CPU = Debug|Any CPU
		Release|Any CPU = Release|Any CPU
	EndGlobalSection
	GlobalSection(ProjectConfigurationPlatforms) = postSolution
		{160E059C-07DA-4BEF-B694-4DB55E038FCE}.Debug|Any CPU.ActiveCfg = Debug|Any CPU
		{160E059C-07DA-4BEF-B694-4DB55E038FCE}.Debug|Any CPU.Build.0 = Debug|Any CPU
		{160E059C-07DA-4BEF-B694-4DB55E038FCE}.Release|Any CPU.ActiveCfg = Release|Any CPU
		{160E059C-07DA-4BEF-B694-4DB55E038FCE}.Release|Any CPU.Build.0 = Release|Any CPU
	EndGlobalSection
EndGlobal
